
Microsoft Visual Studio Solution File, Format Version 12.00
# Visual Studio 14
VisualStudioVersion = 14.0.25420.1
MinimumVisualStudioVersion = 10.0.40219.1
Project("{FAE04EC0-301F-11D3-BF4B-00C04F79EFBC}") = "RaysHotDogs", "RaysHotDogs\RaysHotDogs.csproj", "{0A32BBE3-D4C7-43C2-B3F7-ABCEA86A3997}"
EndProject
Project("{FAE04EC0-301F-11D3-BF4B-00C04F79EFBC}") = "RaysHotDogs.Core", "RaysHotDogs.Core\RaysHotDogs.Core.csproj", "{EA4572F5-4D24-43CD-9DA3-9F12F2017680}"
EndProject
Global
	GlobalSection(SolutionConfigurationPlatforms) = preSolution
		Debug|Any CPU = Debug|Any CPU
		Release|Any CPU = Release|Any CPU
	EndGlobalSection
	GlobalSection(ProjectConfigurationPlatforms) = postSolution
		{0A32BBE3-D4C7-43C2-B3F7-ABCEA86A3997}.Debug|Any CPU.ActiveCfg = Debug|Any CPU
		{0A32BBE3-D4C7-43C2-B3F7-ABCEA86A3997}.Debug|Any CPU.Build.0 = Debug|Any CPU
		{0A32BBE3-D4C7-43C2-B3F7-ABCEA86A3997}.Debug|Any CPU.Deploy.0 = Debug|Any CPU
		{0A32BBE3-D4C7-43C2-B3F7-ABCEA86A3997}.Release|Any CPU.ActiveCfg = Release|Any CPU
		{0A32BBE3-D4C7-43C2-B3F7-ABCEA86A3997}.Release|Any CPU.Build.0 = Release|Any CPU
		{0A32BBE3-D4C7-43C2-B3F7-ABCEA86A3997}.Release|Any CPU.Deploy.0 = Release|Any CPU
		{EA4572F5-4D24-43CD-9DA3-9F12F2017680}.Debug|Any CPU.ActiveCfg = Debug|Any CPU
		{EA4572F5-4D24-43CD-9DA3-9F12F2017680}.Debug|Any CPU.Build.0 = Debug|Any CPU
		{EA4572F5-4D24-43CD-9DA3-9F12F2017680}.Release|Any CPU.ActiveCfg = Release|Any CPU
		{EA4572F5-4D24-43CD-9DA3-9F12F2017680}.Release|Any CPU.Build.0 = Release|Any CPU
	EndGlobalSection
	GlobalSection(SolutionProperties) = preSolution
		HideSolutionNode = FALSE
	EndGlobalSection
EndGlobal
